
Microsoft Visual Studio Solution File, Format Version 12.00
# Visual Studio Version 16
VisualStudioVersion = 16.0.32901.82
MinimumVisualStudioVersion = 10.0.40219.1
Project("{FAE04EC0-301F-11D3-BF4B-00C04F79EFBC}") = "prjiSpanFinal", "prjiSpanFinal\prjiSpanFinal.csproj", "{CF9CF45D-BFAA-4CAB-9631-25DFBF8F5D5A}"
EndProject
Global
	GlobalSection(SolutionConfigurationPlatforms) = preSolution
		Debug|Any CPU = Debug|Any CPU
		Release|Any CPU = Release|Any CPU
	EndGlobalSection
	GlobalSection(ProjectConfigurationPlatforms) = postSolution
		{CF9CF45D-BFAA-4CAB-9631-25DFBF8F5D5A}.Debug|Any CPU.ActiveCfg = Debug|Any CPU
		{CF9CF45D-BFAA-4CAB-9631-25DFBF8F5D5A}.Debug|Any CPU.Build.0 = Debug|Any CPU
		{CF9CF45D-BFAA-4CAB-9631-25DFBF8F5D5A}.Release|Any CPU.ActiveCfg = Release|Any CPU
		{CF9CF45D-BFAA-4CAB-9631-25DFBF8F5D5A}.Release|Any CPU.Build.0 = Release|Any CPU
	EndGlobalSection
	GlobalSection(SolutionProperties) = preSolution
		HideSolutionNode = FALSE
	EndGlobalSection
	GlobalSection(ExtensibilityGlobals) = postSolution
		SolutionGuid = {5B803E2D-FEB4-4422-84BF-6AE003B346B9}
	EndGlobalSection
EndGlobal
