
Microsoft Visual Studio Solution File, Format Version 12.00
# Visual Studio Version 17
VisualStudioVersion = 17.3.32929.385
MinimumVisualStudioVersion = 10.0.40219.1
Project("{9A19103F-16F7-4668-BE54-9A1E7A4F7556}") = "prjiSpanFinal", "prjiSpanFinal\prjiSpanFinal.csproj", "{CF9CF45D-BFAA-4CAB-9631-25DFBF8F5D5A}"
EndProject
Project("{FAE04EC0-301F-11D3-BF4B-00C04F79EFBC}") = "iSpanFinalApp.UWP", "iSpanFinalApp\iSpanFinalApp.UWP\iSpanFinalApp.UWP.csproj", "{272741EA-A51B-4DF2-BFB8-35542A9D0BC9}"
EndProject
Project("{FAE04EC0-301F-11D3-BF4B-00C04F79EFBC}") = "iSpanFinalApp.Android", "iSpanFinalApp\iSpanFinalApp.Android\iSpanFinalApp.Android.csproj", "{9ED6B56B-CAFF-47D3-A59E-4436F9118D68}"
EndProject
Project("{FAE04EC0-301F-11D3-BF4B-00C04F79EFBC}") = "iSpanFinalApp.iOS", "iSpanFinalApp\iSpanFinalApp.iOS\iSpanFinalApp.iOS.csproj", "{13A76342-154C-4198-A806-A78B1071A5D1}"
EndProject
Project("{FAE04EC0-301F-11D3-BF4B-00C04F79EFBC}") = "iSpanFinalApp", "iSpanFinalApp\iSpanFinalApp\iSpanFinalApp.csproj", "{AC1C1AE2-92AA-4660-A2FC-F63CA1A7CE08}"
EndProject
Global
	GlobalSection(SolutionConfigurationPlatforms) = preSolution
		Debug|Any CPU = Debug|Any CPU
		Debug|ARM = Debug|ARM
		Debug|iPhone = Debug|iPhone
		Debug|iPhoneSimulator = Debug|iPhoneSimulator
		Debug|x64 = Debug|x64
		Debug|x86 = Debug|x86
		Release|Any CPU = Release|Any CPU
		Release|ARM = Release|ARM
		Release|iPhone = Release|iPhone
		Release|iPhoneSimulator = Release|iPhoneSimulator
		Release|x64 = Release|x64
		Release|x86 = Release|x86
	EndGlobalSection
	GlobalSection(ProjectConfigurationPlatforms) = postSolution
		{CF9CF45D-BFAA-4CAB-9631-25DFBF8F5D5A}.Debug|Any CPU.ActiveCfg = Debug|Any CPU
		{CF9CF45D-BFAA-4CAB-9631-25DFBF8F5D5A}.Debug|Any CPU.Build.0 = Debug|Any CPU
		{CF9CF45D-BFAA-4CAB-9631-25DFBF8F5D5A}.Debug|ARM.ActiveCfg = Debug|Any CPU
		{CF9CF45D-BFAA-4CAB-9631-25DFBF8F5D5A}.Debug|ARM.Build.0 = Debug|Any CPU
		{CF9CF45D-BFAA-4CAB-9631-25DFBF8F5D5A}.Debug|iPhone.ActiveCfg = Debug|Any CPU
		{CF9CF45D-BFAA-4CAB-9631-25DFBF8F5D5A}.Debug|iPhone.Build.0 = Debug|Any CPU
		{CF9CF45D-BFAA-4CAB-9631-25DFBF8F5D5A}.Debug|iPhoneSimulator.ActiveCfg = Debug|Any CPU
		{CF9CF45D-BFAA-4CAB-9631-25DFBF8F5D5A}.Debug|iPhoneSimulator.Build.0 = Debug|Any CPU
		{CF9CF45D-BFAA-4CAB-9631-25DFBF8F5D5A}.Debug|x64.ActiveCfg = Debug|Any CPU
		{CF9CF45D-BFAA-4CAB-9631-25DFBF8F5D5A}.Debug|x64.Build.0 = Debug|Any CPU
		{CF9CF45D-BFAA-4CAB-9631-25DFBF8F5D5A}.Debug|x86.ActiveCfg = Debug|Any CPU
		{CF9CF45D-BFAA-4CAB-9631-25DFBF8F5D5A}.Debug|x86.Build.0 = Debug|Any CPU
		{CF9CF45D-BFAA-4CAB-9631-25DFBF8F5D5A}.Release|Any CPU.ActiveCfg = Release|Any CPU
		{CF9CF45D-BFAA-4CAB-9631-25DFBF8F5D5A}.Release|Any CPU.Build.0 = Release|Any CPU
		{CF9CF45D-BFAA-4CAB-9631-25DFBF8F5D5A}.Release|ARM.ActiveCfg = Release|Any CPU
		{CF9CF45D-BFAA-4CAB-9631-25DFBF8F5D5A}.Release|ARM.Build.0 = Release|Any CPU
		{CF9CF45D-BFAA-4CAB-9631-25DFBF8F5D5A}.Release|iPhone.ActiveCfg = Release|Any CPU
		{CF9CF45D-BFAA-4CAB-9631-25DFBF8F5D5A}.Release|iPhone.Build.0 = Release|Any CPU
		{CF9CF45D-BFAA-4CAB-9631-25DFBF8F5D5A}.Release|iPhoneSimulator.ActiveCfg = Release|Any CPU
		{CF9CF45D-BFAA-4CAB-9631-25DFBF8F5D5A}.Release|iPhoneSimulator.Build.0 = Release|Any CPU
		{CF9CF45D-BFAA-4CAB-9631-25DFBF8F5D5A}.Release|x64.ActiveCfg = Release|Any CPU
		{CF9CF45D-BFAA-4CAB-9631-25DFBF8F5D5A}.Release|x64.Build.0 = Release|Any CPU
		{CF9CF45D-BFAA-4CAB-9631-25DFBF8F5D5A}.Release|x86.ActiveCfg = Release|Any CPU
		{CF9CF45D-BFAA-4CAB-9631-25DFBF8F5D5A}.Release|x86.Build.0 = Release|Any CPU
		{272741EA-A51B-4DF2-BFB8-35542A9D0BC9}.Debug|Any CPU.ActiveCfg = Debug|x64
		{272741EA-A51B-4DF2-BFB8-35542A9D0BC9}.Debug|Any CPU.Build.0 = Debug|x64
		{272741EA-A51B-4DF2-BFB8-35542A9D0BC9}.Debug|Any CPU.Deploy.0 = Debug|x64
		{272741EA-A51B-4DF2-BFB8-35542A9D0BC9}.Debug|ARM.ActiveCfg = Debug|ARM
		{272741EA-A51B-4DF2-BFB8-35542A9D0BC9}.Debug|ARM.Build.0 = Debug|ARM
		{272741EA-A51B-4DF2-BFB8-35542A9D0BC9}.Debug|ARM.Deploy.0 = Debug|ARM
		{272741EA-A51B-4DF2-BFB8-35542A9D0BC9}.Debug|iPhone.ActiveCfg = Debug|x64
		{272741EA-A51B-4DF2-BFB8-35542A9D0BC9}.Debug|iPhone.Build.0 = Debug|x64
		{272741EA-A51B-4DF2-BFB8-35542A9D0BC9}.Debug|iPhone.Deploy.0 = Debug|x64
		{272741EA-A51B-4DF2-BFB8-35542A9D0BC9}.Debug|iPhoneSimulator.ActiveCfg = Debug|x64
		{272741EA-A51B-4DF2-BFB8-35542A9D0BC9}.Debug|iPhoneSimulator.Build.0 = Debug|x64
		{272741EA-A51B-4DF2-BFB8-35542A9D0BC9}.Debug|iPhoneSimulator.Deploy.0 = Debug|x64
		{272741EA-A51B-4DF2-BFB8-35542A9D0BC9}.Debug|x64.ActiveCfg = Debug|x64
		{272741EA-A51B-4DF2-BFB8-35542A9D0BC9}.Debug|x64.Build.0 = Debug|x64
		{272741EA-A51B-4DF2-BFB8-35542A9D0BC9}.Debug|x64.Deploy.0 = Debug|x64
		{272741EA-A51B-4DF2-BFB8-35542A9D0BC9}.Debug|x86.ActiveCfg = Debug|x86
		{272741EA-A51B-4DF2-BFB8-35542A9D0BC9}.Debug|x86.Build.0 = Debug|x86
		{272741EA-A51B-4DF2-BFB8-35542A9D0BC9}.Debug|x86.Deploy.0 = Debug|x86
		{272741EA-A51B-4DF2-BFB8-35542A9D0BC9}.Release|Any CPU.ActiveCfg = Release|x64
		{272741EA-A51B-4DF2-BFB8-35542A9D0BC9}.Release|Any CPU.Build.0 = Release|x64
		{272741EA-A51B-4DF2-BFB8-35542A9D0BC9}.Release|Any CPU.Deploy.0 = Release|x64
		{272741EA-A51B-4DF2-BFB8-35542A9D0BC9}.Release|ARM.ActiveCfg = Release|ARM
		{272741EA-A51B-4DF2-BFB8-35542A9D0BC9}.Release|ARM.Build.0 = Release|ARM
		{272741EA-A51B-4DF2-BFB8-35542A9D0BC9}.Release|ARM.Deploy.0 = Release|ARM
		{272741EA-A51B-4DF2-BFB8-35542A9D0BC9}.Release|iPhone.ActiveCfg = Release|x64
		{272741EA-A51B-4DF2-BFB8-35542A9D0BC9}.Release|iPhone.Build.0 = Release|x64
		{272741EA-A51B-4DF2-BFB8-35542A9D0BC9}.Release|iPhone.Deploy.0 = Release|x64
		{272741EA-A51B-4DF2-BFB8-35542A9D0BC9}.Release|iPhoneSimulator.ActiveCfg = Release|x64
		{272741EA-A51B-4DF2-BFB8-35542A9D0BC9}.Release|iPhoneSimulator.Build.0 = Release|x64
		{272741EA-A51B-4DF2-BFB8-35542A9D0BC9}.Release|iPhoneSimulator.Deploy.0 = Release|x64
		{272741EA-A51B-4DF2-BFB8-35542A9D0BC9}.Release|x64.ActiveCfg = Release|x64
		{272741EA-A51B-4DF2-BFB8-35542A9D0BC9}.Release|x64.Build.0 = Release|x64
		{272741EA-A51B-4DF2-BFB8-35542A9D0BC9}.Release|x64.Deploy.0 = Release|x64
		{272741EA-A51B-4DF2-BFB8-35542A9D0BC9}.Release|x86.ActiveCfg = Release|x86
		{272741EA-A51B-4DF2-BFB8-35542A9D0BC9}.Release|x86.Build.0 = Release|x86
		{272741EA-A51B-4DF2-BFB8-35542A9D0BC9}.Release|x86.Deploy.0 = Release|x86
		{9ED6B56B-CAFF-47D3-A59E-4436F9118D68}.Debug|Any CPU.ActiveCfg = Debug|Any CPU
		{9ED6B56B-CAFF-47D3-A59E-4436F9118D68}.Debug|Any CPU.Build.0 = Debug|Any CPU
		{9ED6B56B-CAFF-47D3-A59E-4436F9118D68}.Debug|Any CPU.Deploy.0 = Debug|Any CPU
		{9ED6B56B-CAFF-47D3-A59E-4436F9118D68}.Debug|ARM.ActiveCfg = Debug|Any CPU
		{9ED6B56B-CAFF-47D3-A59E-4436F9118D68}.Debug|ARM.Build.0 = Debug|Any CPU
		{9ED6B56B-CAFF-47D3-A59E-4436F9118D68}.Debug|ARM.Deploy.0 = Debug|Any CPU
		{9ED6B56B-CAFF-47D3-A59E-4436F9118D68}.Debug|iPhone.ActiveCfg = Debug|Any CPU
		{9ED6B56B-CAFF-47D3-A59E-4436F9118D68}.Debug|iPhone.Build.0 = Debug|Any CPU
		{9ED6B56B-CAFF-47D3-A59E-4436F9118D68}.Debug|iPhone.Deploy.0 = Debug|Any CPU
		{9ED6B56B-CAFF-47D3-A59E-4436F9118D68}.Debug|iPhoneSimulator.ActiveCfg = Debug|Any CPU
		{9ED6B56B-CAFF-47D3-A59E-4436F9118D68}.Debug|iPhoneSimulator.Build.0 = Debug|Any CPU
		{9ED6B56B-CAFF-47D3-A59E-4436F9118D68}.Debug|iPhoneSimulator.Deploy.0 = Debug|Any CPU
		{9ED6B56B-CAFF-47D3-A59E-4436F9118D68}.Debug|x64.ActiveCfg = Debug|Any CPU
		{9ED6B56B-CAFF-47D3-A59E-4436F9118D68}.Debug|x64.Build.0 = Debug|Any CPU
		{9ED6B56B-CAFF-47D3-A59E-4436F9118D68}.Debug|x64.Deploy.0 = Debug|Any CPU
		{9ED6B56B-CAFF-47D3-A59E-4436F9118D68}.Debug|x86.ActiveCfg = Debug|Any CPU
		{9ED6B56B-CAFF-47D3-A59E-4436F9118D68}.Debug|x86.Build.0 = Debug|Any CPU
		{9ED6B56B-CAFF-47D3-A59E-4436F9118D68}.Debug|x86.Deploy.0 = Debug|Any CPU
		{9ED6B56B-CAFF-47D3-A59E-4436F9118D68}.Release|Any CPU.ActiveCfg = Release|Any CPU
		{9ED6B56B-CAFF-47D3-A59E-4436F9118D68}.Release|Any CPU.Build.0 = Release|Any CPU
		{9ED6B56B-CAFF-47D3-A59E-4436F9118D68}.Release|Any CPU.Deploy.0 = Release|Any CPU
		{9ED6B56B-CAFF-47D3-A59E-4436F9118D68}.Release|ARM.ActiveCfg = Release|Any CPU
		{9ED6B56B-CAFF-47D3-A59E-4436F9118D68}.Release|ARM.Build.0 = Release|Any CPU
		{9ED6B56B-CAFF-47D3-A59E-4436F9118D68}.Release|ARM.Deploy.0 = Release|Any CPU
		{9ED6B56B-CAFF-47D3-A59E-4436F9118D68}.Release|iPhone.ActiveCfg = Release|Any CPU
		{9ED6B56B-CAFF-47D3-A59E-4436F9118D68}.Release|iPhone.Build.0 = Release|Any CPU
		{9ED6B56B-CAFF-47D3-A59E-4436F9118D68}.Release|iPhone.Deploy.0 = Release|Any CPU
		{9ED6B56B-CAFF-47D3-A59E-4436F9118D68}.Release|iPhoneSimulator.ActiveCfg = Release|Any CPU
		{9ED6B56B-CAFF-47D3-A59E-4436F9118D68}.Release|iPhoneSimulator.Build.0 = Release|Any CPU
		{9ED6B56B-CAFF-47D3-A59E-4436F9118D68}.Release|iPhoneSimulator.Deploy.0 = Release|Any CPU
		{9ED6B56B-CAFF-47D3-A59E-4436F9118D68}.Release|x64.ActiveCfg = Release|Any CPU
		{9ED6B56B-CAFF-47D3-A59E-4436F9118D68}.Release|x64.Build.0 = Release|Any CPU
		{9ED6B56B-CAFF-47D3-A59E-4436F9118D68}.Release|x64.Deploy.0 = Release|Any CPU
		{9ED6B56B-CAFF-47D3-A59E-4436F9118D68}.Release|x86.ActiveCfg = Release|Any CPU
		{9ED6B56B-CAFF-47D3-A59E-4436F9118D68}.Release|x86.Build.0 = Release|Any CPU
		{9ED6B56B-CAFF-47D3-A59E-4436F9118D68}.Release|x86.Deploy.0 = Release|Any CPU
		{13A76342-154C-4198-A806-A78B1071A5D1}.Debug|Any CPU.ActiveCfg = Debug|iPhoneSimulator
		{13A76342-154C-4198-A806-A78B1071A5D1}.Debug|Any CPU.Build.0 = Debug|iPhoneSimulator
		{13A76342-154C-4198-A806-A78B1071A5D1}.Debug|ARM.ActiveCfg = Debug|iPhoneSimulator
		{13A76342-154C-4198-A806-A78B1071A5D1}.Debug|ARM.Build.0 = Debug|iPhoneSimulator
		{13A76342-154C-4198-A806-A78B1071A5D1}.Debug|iPhone.ActiveCfg = Debug|iPhone
		{13A76342-154C-4198-A806-A78B1071A5D1}.Debug|iPhone.Build.0 = Debug|iPhone
		{13A76342-154C-4198-A806-A78B1071A5D1}.Debug|iPhoneSimulator.ActiveCfg = Debug|iPhoneSimulator
		{13A76342-154C-4198-A806-A78B1071A5D1}.Debug|iPhoneSimulator.Build.0 = Debug|iPhoneSimulator
		{13A76342-154C-4198-A806-A78B1071A5D1}.Debug|x64.ActiveCfg = Debug|iPhoneSimulator
		{13A76342-154C-4198-A806-A78B1071A5D1}.Debug|x64.Build.0 = Debug|iPhoneSimulator
		{13A76342-154C-4198-A806-A78B1071A5D1}.Debug|x86.ActiveCfg = Debug|iPhoneSimulator
		{13A76342-154C-4198-A806-A78B1071A5D1}.Debug|x86.Build.0 = Debug|iPhoneSimulator
		{13A76342-154C-4198-A806-A78B1071A5D1}.Release|Any CPU.ActiveCfg = Release|iPhoneSimulator
		{13A76342-154C-4198-A806-A78B1071A5D1}.Release|Any CPU.Build.0 = Release|iPhoneSimulator
		{13A76342-154C-4198-A806-A78B1071A5D1}.Release|ARM.ActiveCfg = Release|iPhoneSimulator
		{13A76342-154C-4198-A806-A78B1071A5D1}.Release|ARM.Build.0 = Release|iPhoneSimulator
		{13A76342-154C-4198-A806-A78B1071A5D1}.Release|iPhone.ActiveCfg = Release|iPhone
		{13A76342-154C-4198-A806-A78B1071A5D1}.Release|iPhone.Build.0 = Release|iPhone
		{13A76342-154C-4198-A806-A78B1071A5D1}.Release|iPhoneSimulator.ActiveCfg = Release|iPhoneSimulator
		{13A76342-154C-4198-A806-A78B1071A5D1}.Release|iPhoneSimulator.Build.0 = Release|iPhoneSimulator
		{13A76342-154C-4198-A806-A78B1071A5D1}.Release|x64.ActiveCfg = Release|iPhoneSimulator
		{13A76342-154C-4198-A806-A78B1071A5D1}.Release|x64.Build.0 = Release|iPhoneSimulator
		{13A76342-154C-4198-A806-A78B1071A5D1}.Release|x86.ActiveCfg = Release|iPhoneSimulator
		{13A76342-154C-4198-A806-A78B1071A5D1}.Release|x86.Build.0 = Release|iPhoneSimulator
		{AC1C1AE2-92AA-4660-A2FC-F63CA1A7CE08}.Debug|Any CPU.ActiveCfg = Debug|Any CPU
		{AC1C1AE2-92AA-4660-A2FC-F63CA1A7CE08}.Debug|Any CPU.Build.0 = Debug|Any CPU
		{AC1C1AE2-92AA-4660-A2FC-F63CA1A7CE08}.Debug|ARM.ActiveCfg = Debug|Any CPU
		{AC1C1AE2-92AA-4660-A2FC-F63CA1A7CE08}.Debug|ARM.Build.0 = Debug|Any CPU
		{AC1C1AE2-92AA-4660-A2FC-F63CA1A7CE08}.Debug|iPhone.ActiveCfg = Debug|Any CPU
		{AC1C1AE2-92AA-4660-A2FC-F63CA1A7CE08}.Debug|iPhone.Build.0 = Debug|Any CPU
		{AC1C1AE2-92AA-4660-A2FC-F63CA1A7CE08}.Debug|iPhoneSimulator.ActiveCfg = Debug|Any CPU
		{AC1C1AE2-92AA-4660-A2FC-F63CA1A7CE08}.Debug|iPhoneSimulator.Build.0 = Debug|Any CPU
		{AC1C1AE2-92AA-4660-A2FC-F63CA1A7CE08}.Debug|x64.ActiveCfg = Debug|Any CPU
		{AC1C1AE2-92AA-4660-A2FC-F63CA1A7CE08}.Debug|x64.Build.0 = Debug|Any CPU
		{AC1C1AE2-92AA-4660-A2FC-F63CA1A7CE08}.Debug|x86.ActiveCfg = Debug|Any CPU
		{AC1C1AE2-92AA-4660-A2FC-F63CA1A7CE08}.Debug|x86.Build.0 = Debug|Any CPU
		{AC1C1AE2-92AA-4660-A2FC-F63CA1A7CE08}.Release|Any CPU.ActiveCfg = Release|Any CPU
		{AC1C1AE2-92AA-4660-A2FC-F63CA1A7CE08}.Release|Any CPU.Build.0 = Release|Any CPU
		{AC1C1AE2-92AA-4660-A2FC-F63CA1A7CE08}.Release|ARM.ActiveCfg = Release|Any CPU
		{AC1C1AE2-92AA-4660-A2FC-F63CA1A7CE08}.Release|ARM.Build.0 = Release|Any CPU
		{AC1C1AE2-92AA-4660-A2FC-F63CA1A7CE08}.Release|iPhone.ActiveCfg = Release|Any CPU
		{AC1C1AE2-92AA-4660-A2FC-F63CA1A7CE08}.Release|iPhone.Build.0 = Release|Any CPU
		{AC1C1AE2-92AA-4660-A2FC-F63CA1A7CE08}.Release|iPhoneSimulator.ActiveCfg = Release|Any CPU
		{AC1C1AE2-92AA-4660-A2FC-F63CA1A7CE08}.Release|iPhoneSimulator.Build.0 = Release|Any CPU
		{AC1C1AE2-92AA-4660-A2FC-F63CA1A7CE08}.Release|x64.ActiveCfg = Release|Any CPU
		{AC1C1AE2-92AA-4660-A2FC-F63CA1A7CE08}.Release|x64.Build.0 = Release|Any CPU
		{AC1C1AE2-92AA-4660-A2FC-F63CA1A7CE08}.Release|x86.ActiveCfg = Release|Any CPU
		{AC1C1AE2-92AA-4660-A2FC-F63CA1A7CE08}.Release|x86.Build.0 = Release|Any CPU
	EndGlobalSection
	GlobalSection(SolutionProperties) = preSolution
		HideSolutionNode = FALSE
	EndGlobalSection
	GlobalSection(ExtensibilityGlobals) = postSolution
		SolutionGuid = {5B803E2D-FEB4-4422-84BF-6AE003B346B9}
	EndGlobalSection
EndGlobal
